
Microsoft Visual Studio Solution File, Format Version 12.00
# Visual Studio 15
VisualStudioVersion = 15.0.27428.1
MinimumVisualStudioVersion = 10.0.40219.1
Project("{FAE04EC0-301F-11D3-BF4B-00C04F79EFBC}") = "SampleLibraries", "SampleLibraries\SampleLibraries.csproj", "{4B03D050-856B-4F72-9F47-DAA787B1CCDE}"
EndProject
Global
	GlobalSection(SolutionConfigurationPlatforms) = preSolution
		Debug|Any CPU = Debug|Any CPU
		Release|Any CPU = Release|Any CPU
	EndGlobalSection
	GlobalSection(ProjectConfigurationPlatforms) = postSolution
		{4B03D050-856B-4F72-9F47-DAA787B1CCDE}.Debug|Any CPU.ActiveCfg = Debug|Any CPU
		{4B03D050-856B-4F72-9F47-DAA787B1CCDE}.Debug|Any CPU.Build.0 = Debug|Any CPU
		{4B03D050-856B-4F72-9F47-DAA787B1CCDE}.Release|Any CPU.ActiveCfg = Release|Any CPU
		{4B03D050-856B-4F72-9F47-DAA787B1CCDE}.Release|Any CPU.Build.0 = Release|Any CPU
	EndGlobalSection
	GlobalSection(SolutionProperties) = preSolution
		HideSolutionNode = FALSE
	EndGlobalSection
	GlobalSection(ExtensibilityGlobals) = postSolution
		SolutionGuid = {A3A63DF9-EC41-4C98-A1C7-F64B48DB238D}
	EndGlobalSection
EndGlobal
